# THIS IS AN AUTOGENERATED FILE. DO NOT EDIT THIS FILE DIRECTLY.
# yarn lockfile v1


"-@^0.0.1":
  "integrity" "sha512-3HfneK3DGAm05fpyj20sT3apkNcvPpCuccOThOPdzz8sY7GgQGe0l93XH9bt+YzibcTIgUAIMoyVJI740RtgyQ=="
  "resolved" "https://registry.npmjs.org/-/-/--0.0.1.tgz"
  "version" "0.0.1"

"frappe-gantt@^0.6.1":
  "integrity" "sha512-1cSU9vLbwypjzaxnCfnEE03Xr3HlAV2S8dRtjxw62o+amkx1A8bBIFd2jp84mcDdTCM77Ij4LzZBslAKZB8oMg=="
  "resolved" "https://registry.npmjs.org/frappe-gantt/-/frappe-gantt-0.6.1.tgz"
  "version" "0.6.1"

"frappe@^0.0.1":
  "integrity" "sha512-hwhxtLmmqRM1DcuAD2H3pmidELtupMo12hA3EF0w90BfIlolOgsfR0xT+IBZrpq7Y724p8sGT5lGHHfnUocyaw=="
  "resolved" "https://registry.npmjs.org/frappe/-/frappe-0.0.1.tgz"
  "version" "0.0.1"

"gantt@^3.1.1":
  "integrity" "sha512-CseX/T3HHL/jE/W7VvxHvvyKxpTpJVqXAUCAo6BEQppXlNec/8RGQNQx4l823f60EtAj+RmTdBbdZccJ3xqBbA=="
  "resolved" "https://registry.npmjs.org/gantt/-/gantt-3.1.1.tgz"
  "version" "3.1.1"
